
Microsoft Visual Studio Solution File, Format Version 12.00
# Visual Studio Version 16
VisualStudioVersion = 16.0.31624.102
MinimumVisualStudioVersion = 10.0.40219.1
Project("{FAE04EC0-301F-11D3-BF4B-00C04F79EFBC}") = "FTPClient", "FTPClient\FTPClient.csproj", "{65E68C2B-7038-411B-9E55-E34BB7D34C6F}"
EndProject
Global
	GlobalSection(SolutionConfigurationPlatforms) = preSolution
		Debug|Any CPU = Debug|Any CPU
		Release|Any CPU = Release|Any CPU
	EndGlobalSection
	GlobalSection(ProjectConfigurationPlatforms) = postSolution
		{65E68C2B-7038-411B-9E55-E34BB7D34C6F}.Debug|Any CPU.ActiveCfg = Debug|Any CPU
		{65E68C2B-7038-411B-9E55-E34BB7D34C6F}.Debug|Any CPU.Build.0 = Debug|Any CPU
		{65E68C2B-7038-411B-9E55-E34BB7D34C6F}.Release|Any CPU.ActiveCfg = Release|Any CPU
		{65E68C2B-7038-411B-9E55-E34BB7D34C6F}.Release|Any CPU.Build.0 = Release|Any CPU
	EndGlobalSection
	GlobalSection(SolutionProperties) = preSolution
		HideSolutionNode = FALSE
	EndGlobalSection
	GlobalSection(ExtensibilityGlobals) = postSolution
		SolutionGuid = {3A86159F-FFBF-45BB-85F4-B877E99EEBDF}
	EndGlobalSection
EndGlobal
